PODS:
  - Alamofire (5.7.1)
  - VPlusCoreVideo (0.1.0):
    - Alamofire

DEPENDENCIES:
  - VPlusCoreVideo (from `../`)

SPEC REPOS:
  trunk:
    - Alamofire

EXTERNAL SOURCES:
  VPlusCoreVideo:
    :path: "../"

SPEC CHECKSUMS:
  Alamofire: 0123a34370cb170936ae79a8df46cc62b2edeb88
  VPlusCoreVideo: 3c3804aa03fcea90035c4920831f75d657202ef5

PODFILE CHECKSUM: 7e9fe63abe36f96f6cef186b3523dc9111fbfde9

COCOAPODS: 1.12.1
