PODS:
  - netfox (1.21.0)
  - VPlusCoreVideo (0.1.3)

DEPENDENCIES:
  - netfox
  - VPlusCoreVideo (from `../`)

SPEC REPOS:
  trunk:
    - netfox

EXTERNAL SOURCES:
  VPlusCoreVideo:
    :path: "../"

SPEC CHECKSUMS:
  netfox: 9d5cc727fe7576c4c7688a2504618a156b7d44b7
  VPlusCoreVideo: 079c82859024cca0f734f7ea6dd7f5362f585fbc

PODFILE CHECKSUM: 48e969ca15a6deac247f5276f8cc885702a639ae

COCOAPODS: 1.12.1
